
Microsoft Visual Studio Solution File, Format Version 12.00
# Visual Studio Version 16
VisualStudioVersion = 16.0.30717.126
MinimumVisualStudioVersion = 10.0.40219.1
Project("{FAE04EC0-301F-11D3-BF4B-00C04F79EFBC}") = "ImageSteganographyThesisProject", "ImageSteganographyThesisProject\ImageSteganographyThesisProject.csproj", "{3444E67C-7989-4DA7-88C4-F78F3D3358A4}"
EndProject
Project("{54435603-DBB4-11D2-8724-00A0C9A8B90C}") = "ImageSteganography", "ImageSteganography\ImageSteganography.vdproj", "{D61356E5-D451-41A5-AAB2-0ADFFF74A748}"
EndProject
Global
	GlobalSection(SolutionConfigurationPlatforms) = preSolution
		Debug|Any CPU = Debug|Any CPU
		Release|Any CPU = Release|Any CPU
	EndGlobalSection
	GlobalSection(ProjectConfigurationPlatforms) = postSolution
		{3444E67C-7989-4DA7-88C4-F78F3D3358A4}.Debug|Any CPU.ActiveCfg = Debug|Any CPU
		{3444E67C-7989-4DA7-88C4-F78F3D3358A4}.Debug|Any CPU.Build.0 = Debug|Any CPU
		{3444E67C-7989-4DA7-88C4-F78F3D3358A4}.Release|Any CPU.ActiveCfg = Release|Any CPU
		{3444E67C-7989-4DA7-88C4-F78F3D3358A4}.Release|Any CPU.Build.0 = Release|Any CPU
		{D61356E5-D451-41A5-AAB2-0ADFFF74A748}.Debug|Any CPU.ActiveCfg = Debug
		{D61356E5-D451-41A5-AAB2-0ADFFF74A748}.Release|Any CPU.ActiveCfg = Release
	EndGlobalSection
	GlobalSection(SolutionProperties) = preSolution
		HideSolutionNode = FALSE
	EndGlobalSection
	GlobalSection(ExtensibilityGlobals) = postSolution
		SolutionGuid = {33196170-B74C-4497-88E8-899C3062E5FA}
	EndGlobalSection
EndGlobal
